// !$*UTF8*$!
{
	archiveVersion = 1;
	classes = {
	};
	objectVersion = 50;
	objects = {

/* Begin PBXBuildFile section */
		AEDBDA6C211EA3BA00B9912A /* AppDelegate.swift in Sources */ = {isa = PBXBuildFile; fileRef = AEDBDA6B211EA3BA00B9912A /* AppDelegate.swift */; };
		AEDBDA6E211EA3BA00B9912A /* ViewController.swift in Sources */ = {isa = PBXBuildFile; fileRef = AEDBDA6D211EA3BA00B9912A /* ViewController.swift */; };
		AEDBDA71211EA3BA00B9912A /* Main.storyboard in Resources */ = {isa = PBXBuildFile; fileRef = AEDBDA6F211EA3BA00B9912A /* Main.storyboard */; };
		AEDBDA74211EA3BA00B9912A /* ios.xcdatamodeld in Sources */ = {isa = PBXBuildFile; fileRef = AEDBDA72211EA3BA00B9912A /* ios.xcdatamodeld */; };
		AEDBDA76211EA3BA00B9912A /* Assets.xcassets in Resources */ = {isa = PBXBuildFile; fileRef = AEDBDA75211EA3BA00B9912A /* Assets.xcassets */; };
		AEDBDA79211EA3BA00B9912A /* LaunchScreen.storyboard in Resources */ = {isa = PBXBuildFile; fileRef = AEDBDA77211EA3BA00B9912A /* LaunchScreen.storyboard */; };
		AEDBDA84211EA3BA00B9912A /* iosTests.swift in Sources */ = {isa = PBXBuildFile; fileRef = AEDBDA83211EA3BA00B9912A /* iosTests.swift */; };
		AEDBDA8F211EA3BA00B9912A /* iosUITests.swift in Sources */ = {isa = PBXBuildFile; fileRef = AEDBDA8E211EA3BA00B9912A /* iosUITests.swift */; };
/* End PBXBuildFile section */

/* Begin PBXContainerItemProxy section */
		AEDBDA80211EA3BA00B9912A /* PBXContainerItemProxy */ = {
			isa = PBXContainerItemProxy;
			containerPortal = AEDBDA60211EA3BA00B9912A /* Project object */;
			proxyType = 1;
			remoteGlobalIDString = AEDBDA67211EA3BA00B9912A;
			remoteInfo = ios;
		};
		AEDBDA8B211EA3BA00B9912A /* PBXContainerItemProxy */ = {
			isa = PBXContainerItemProxy;
			containerPortal = AEDBDA60211EA3BA00B9912A /* Project object */;
			proxyType = 1;
			remoteGlobalIDString = AEDBDA67211EA3BA00B9912A;
			remoteInfo = ios;
		};
/* End PBXContainerItemProxy section */

/* Begin PBXFileReference section */
		AEDBDA68211EA3BA00B9912A /* ios.app */ = {isa = PBXFileReference; explicitFileType = wrapper.application; includeInIndex = 0; path = ios.app; sourceTree = BUILT_PRODUCTS_DIR; };
		AEDBDA6B211EA3BA00B9912A /* AppDelegate.swift */ = {isa = PBXFileReference; lastKnownFileType = sourcecode.swift; path = AppDelegate.swift; sourceTree = "<group>"; };
		AEDBDA6D211EA3BA00B9912A /* ViewController.swift */ = {isa = PBXFileReference; lastKnownFileType = sourcecode.swift; path = ViewController.swift; sourceTree = "<group>"; };
		AEDBDA70211EA3BA00B9912A /* Base */ = {isa = PBXFileReference; lastKnownFileType = file.storyboard; name = Base; path = Base.lproj/Main.storyboard; sourceTree = "<group>"; };
		AEDBDA73211EA3BA00B9912A /* ios.xcdatamodel */ = {isa = PBXFileReference; lastKnownFileType = wrapper.xcdatamodel; path = ios.xcdatamodel; sourceTree = "<group>"; };
		AEDBDA75211EA3BA00B9912A /* Assets.xcassets */ = {isa = PBXFileReference; lastKnownFileType = folder.assetcatalog; path = Assets.xcassets; sourceTree = "<group>"; };
		AEDBDA78211EA3BA00B9912A /* Base */ = {isa = PBXFileReference; lastKnownFileType = file.storyboard; name = Base; path = Base.lproj/LaunchScreen.storyboard; sourceTree = "<group>"; };
		AEDBDA7A211EA3BA00B9912A /* Info.plist */ = {isa = PBXFileReference; lastKnownFileType = text.plist.xml; path = Info.plist; sourceTree = "<group>"; };
		AEDBDA7F211EA3BA00B9912A /* iosTests.xctest */ = {isa = PBXFileReference; explicitFileType = wrapper.cfbundle; includeInIndex = 0; path = iosTests.xctest; sourceTree = BUILT_PRODUCTS_DIR; };
		AEDBDA83211EA3BA00B9912A /* iosTests.swift */ = {isa = PBXFileReference; lastKnownFileType = sourcecode.swift; path = iosTests.swift; sourceTree = "<group>"; };
		AEDBDA85211EA3BA00B9912A /* Info.plist */ = {isa = PBXFileReference; lastKnownFileType = text.plist.xml; path = Info.plist; sourceTree = "<group>"; };
		AEDBDA8A211EA3BA00B9912A /* iosUITests.xctest */ = {isa = PBXFileReference; explicitFileType = wrapper.cfbundle; includeInIndex = 0; path = iosUITests.xctest; sourceTree = BUILT_PRODUCTS_DIR; };
		AEDBDA8E211EA3BA00B9912A /* iosUITests.swift */ = {isa = PBXFileReference; lastKnownFileType = sourcecode.swift; path = iosUITests.swift; sourceTree = "<group>"; };
		AEDBDA90211EA3BA00B9912A /* Info.plist */ = {isa = PBXFileReference; lastKnownFileType = text.plist.xml; path = Info.plist; sourceTree = "<group>"; };
/* End PBXFileReference section */

/* Begin PBXFrameworksBuildPhase section */
		AEDBDA65211EA3BA00B9912A /* Frameworks */ = {
			isa = PBXFrameworksBuildPhase;
			buildActionMask = 2147483647;
			files = (
			);
			runOnlyForDeploymentPostprocessing = 0;
		};
		AEDBDA7C211EA3BA00B9912A /* Frameworks */ = {
			isa = PBXFrameworksBuildPhase;
			buildActionMask = 2147483647;
			files = (
			);
			runOnlyForDeploymentPostprocessing = 0;
		};
		AEDBDA87211EA3BA00B9912A /* Frameworks */ = {
			isa = PBXFrameworksBuildPhase;
			buildActionMask = 2147483647;
			files = (
			);
			runOnlyForDeploymentPostprocessing = 0;
		};
/* End PBXFrameworksBuildPhase section */

/* Begin PBXGroup section */
		AEDBDA5F211EA3BA00B9912A = {
			isa = PBXGroup;
			children = (
				AEDBDA6A211EA3BA00B9912A /* ios */,
				AEDBDA82211EA3BA00B9912A /* iosTests */,
				AEDBDA8D211EA3BA00B9912A /* iosUITests */,
				AEDBDA69211EA3BA00B9912A /* Products */,
			);
			sourceTree = "<group>";
		};
		AEDBDA69211EA3BA00B9912A /* Products */ = {
			isa = PBXGroup;
			children = (
				AEDBDA68211EA3BA00B9912A /* ios.app */,
				AEDBDA7F211EA3BA00B9912A /* iosTests.xctest */,
				AEDBDA8A211EA3BA00B9912A /* iosUITests.xctest */,
			);
			name = Products;
			sourceTree = "<group>";
		};
		AEDBDA6A211EA3BA00B9912A /* ios */ = {
			isa = PBXGroup;
			children = (
				AEDBDA6B211EA3BA00B9912A /* AppDelegate.swift */,
				AEDBDA6D211EA3BA00B9912A /* ViewController.swift */,
				AEDBDA6F211EA3BA00B9912A /* Main.storyboard */,
				AEDBDA75211EA3BA00B9912A /* Assets.xcassets */,
				AEDBDA77211EA3BA00B9912A /* LaunchScreen.storyboard */,
				AEDBDA7A211EA3BA00B9912A /* Info.plist */,
				AEDBDA72211EA3BA00B9912A /* ios.xcdatamodeld */,
			);
			path = ios;
			sourceTree = "<group>";
		};
		AEDBDA82211EA3BA00B9912A /* iosTests */ = {
			isa = PBXGroup;
			children = (
				AEDBDA83211EA3BA00B9912A /* iosTests.swift */,
				AEDBDA85211EA3BA00B9912A /* Info.plist */,
			);
			path = iosTests;
			sourceTree = "<group>";
		};
		AEDBDA8D211EA3BA00B9912A /* iosUITests */ = {
			isa = PBXGroup;
			children = (
				AEDBDA8E211EA3BA00B9912A /* iosUITests.swift */,
				AEDBDA90211EA3BA00B9912A /* Info.plist */,
			);
			path = iosUITests;
			sourceTree = "<group>";
		};
/* End PBXGroup section */

/* Begin PBXNativeTarget section */
		AEDBDA67211EA3BA00B9912A /* ios */ = {
			isa = PBXNativeTarget;
			buildConfigurationList = AEDBDA93211EA3BA00B9912A /* Build configuration list for PBXNativeTarget "ios" */;
			buildPhases = (
				AEDBDA64211EA3BA00B9912A /* Sources */,
				AEDBDA65211EA3BA00B9912A /* Frameworks */,
				AEDBDA66211EA3BA00B9912A /* Resources */,
			);
			buildRules = (
			);
			dependencies = (
			);
			name = ios;
			productName = ios;
			productReference = AEDBDA68211EA3BA00B9912A /* ios.app */;
			productType = "com.apple.product-type.application";
		};
		AEDBDA7E211EA3BA00B9912A /* iosTests */ = {
			isa = PBXNativeTarget;
			buildConfigurationList = AEDBDA96211EA3BA00B9912A /* Build configuration list for PBXNativeTarget "iosTests" */;
			buildPhases = (
				AEDBDA7B211EA3BA00B9912A /* Sources */,
				AEDBDA7C211EA3BA00B9912A /* Frameworks */,
				AEDBDA7D211EA3BA00B9912A /* Resources */,
			);
			buildRules = (
			);
			dependencies = (
				AEDBDA81211EA3BA00B9912A /* PBXTargetDependency */,
			);
			name = iosTests;
			productName = iosTests;
			productReference = AEDBDA7F211EA3BA00B9912A /* iosTests.xctest */;
			productType = "com.apple.product-type.bundle.unit-test";
		};
		AEDBDA89211EA3BA00B9912A /* iosUITests */ = {
			isa = PBXNativeTarget;
			buildConfigurationList = AEDBDA99211EA3BA00B9912A /* Build configuration list for PBXNativeTarget "iosUITests" */;
			buildPhases = (
				AEDBDA86211EA3BA00B9912A /* Sources */,
				AEDBDA87211EA3BA00B9912A /* Frameworks */,
				AEDBDA88211EA3BA00B9912A /* Resources */,
			);
			buildRules = (
			);
			dependencies = (
				AEDBDA8C211EA3BA00B9912A /* PBXTargetDependency */,
			);
			name = iosUITests;
			productName = iosUITests;
			productReference = AEDBDA8A211EA3BA00B9912A /* iosUITests.xctest */;
			productType = "com.apple.product-type.bundle.ui-testing";
		};
/* End PBXNativeTarget section */

/* Begin PBXProject section */
		AEDBDA60211EA3BA00B9912A /* Project object */ = {
			isa = PBXProject;
			attributes = {
				LastSwiftUpdateCheck = 0940;
				LastUpgradeCheck = 0940;
				ORGANIZATIONNAME = "史蒙健";
				TargetAttributes = {
					AEDBDA67211EA3BA00B9912A = {
						CreatedOnToolsVersion = 9.4.1;
					};
					AEDBDA7E211EA3BA00B9912A = {
						CreatedOnToolsVersion = 9.4.1;
						TestTargetID = AEDBDA67211EA3BA00B9912A;
					};
					AEDBDA89211EA3BA00B9912A = {
						CreatedOnToolsVersion = 9.4.1;
						TestTargetID = AEDBDA67211EA3BA00B9912A;
					};
				};
			};
			buildConfigurationList = AEDBDA63211EA3BA00B9912A /* Build configuration list for PBXProject "ios" */;
			compatibilityVersion = "Xcode 9.3";
			developmentRegion = en;
			hasScannedForEncodings = 0;
			knownRegions = (
				en,
				Base,
			);
			mainGroup = AEDBDA5F211EA3BA00B9912A;
			productRefGroup = AEDBDA69211EA3BA00B9912A /* Products */;
			projectDirPath = "";
			projectRoot = "";
			targets = (
				AEDBDA67211EA3BA00B9912A /* ios */,
				AEDBDA7E211EA3BA00B9912A /* iosTests */,
				AEDBDA89211EA3BA00B9912A /* iosUITests */,
			);
		};
/* End PBXProject section */

/* Begin PBXResourcesBuildPhase section */
		AEDBDA66211EA3BA00B9912A /* Resources */ = {
			isa = PBXResourcesBuildPhase;
			buildActionMask = 2147483647;
			files = (
				AEDBDA79211EA3BA00B9912A /* LaunchScreen.storyboard in Resources */,
				AEDBDA76211EA3BA00B9912A /* Assets.xcassets in Resources */,
				AEDBDA71211EA3BA00B9912A /* Main.storyboard in Resources */,
			);
			runOnlyForDeploymentPostprocessing = 0;
		};
		AEDBDA7D211EA3BA00B9912A /* Resources */ = {
			isa = PBXResourcesBuildPhase;
			buildActionMask = 2147483647;
			files = (
			);
			runOnlyForDeploymentPostprocessing = 0;
		};
		AEDBDA88211EA3BA00B9912A /* Resources */ = {
			isa = PBXResourcesBuildPhase;
			buildActionMask = 2147483647;
			files = (
			);
			runOnlyForDeploymentPostprocessing = 0;
		};
/* End PBXResourcesBuildPhase section */

/* Begin PBXSourcesBuildPhase section */
		AEDBDA64211EA3BA00B9912A /* Sources */ = {
			isa = PBXSourcesBuildPhase;
			buildActionMask = 2147483647;
			files = (
				AEDBDA74211EA3BA00B9912A /* ios.xcdatamodeld in Sources */,
				AEDBDA6E211EA3BA00B9912A /* ViewController.swift in Sources */,
				AEDBDA6C211EA3BA00B9912A /* AppDelegate.swift in Sources */,
			);
			runOnlyForDeploymentPostprocessing = 0;
		};
		AEDBDA7B211EA3BA00B9912A /* Sources */ = {
			isa = PBXSourcesBuildPhase;
			buildActionMask = 2147483647;
			files = (
				AEDBDA84211EA3BA00B9912A /* iosTests.swift in Sources */,
			);
			runOnlyForDeploymentPostprocessing = 0;
		};
		AEDBDA86211EA3BA00B9912A /* Sources */ = {
			isa = PBXSourcesBuildPhase;
			buildActionMask = 2147483647;
			files = (
				AEDBDA8F211EA3BA00B9912A /* iosUITests.swift in Sources */,
			);
			runOnlyForDeploymentPostprocessing = 0;
		};
/* End PBXSourcesBuildPhase section */

/* Begin PBXTargetDependency section */
		AEDBDA81211EA3BA00B9912A /* PBXTargetDependency */ = {
			isa = PBXTargetDependency;
			target = AEDBDA67211EA3BA00B9912A /* ios */;
			targetProxy = AEDBDA80211EA3BA00B9912A /* PBXContainerItemProxy */;
		};
		AEDBDA8C211EA3BA00B9912A /* PBXTargetDependency */ = {
			isa = PBXTargetDependency;
			target = AEDBDA67211EA3BA00B9912A /* ios */;
			targetProxy = AEDBDA8B211EA3BA00B9912A /* PBXContainerItemProxy */;
		};
/* End PBXTargetDependency section */

/* Begin PBXVariantGroup section */
		AEDBDA6F211EA3BA00B9912A /* Main.storyboard */ = {
			isa = PBXVariantGroup;
			children = (
				AEDBDA70211EA3BA00B9912A /* Base */,
			);
			name = Main.storyboard;
			sourceTree = "<group>";
		};
		AEDBDA77211EA3BA00B9912A /* LaunchScreen.storyboard */ = {
			isa = PBXVariantGroup;
			children = (
				AEDBDA78211EA3BA00B9912A /* Base */,
			);
			name = LaunchScreen.storyboard;
			sourceTree = "<group>";
		};
/* End PBXVariantGroup section */

/* Begin XCBuildConfiguration section */
		AEDBDA91211EA3BA00B9912A /* Debug */ = {
			isa = XCBuildConfiguration;
			buildSettings = {
				ALWAYS_SEARCH_USER_PATHS = NO;
				CLANG_ANALYZER_NONNULL = YES;
				CLANG_ANALYZER_NUMBER_OBJECT_CONVERSION = YES_AGGRESSIVE;
				CLANG_CXX_LANGUAGE_STANDARD = "gnu++14";
				CLANG_CXX_LIBRARY = "libc++";
				CLANG_ENABLE_MODULES = YES;
				CLANG_ENABLE_OBJC_ARC = YES;
				CLANG_ENABLE_OBJC_WEAK = YES;
				CLANG_WARN_BLOCK_CAPTURE_AUTORELEASING = YES;
				CLANG_WARN_BOOL_CONVERSION = YES;
				CLANG_WARN_COMMA = YES;
				CLANG_WARN_CONSTANT_CONVERSION = YES;
				CLANG_WARN_DEPRECATED_OBJC_IMPLEMENTATIONS = YES;
				CLANG_WARN_DIRECT_OBJC_ISA_USAGE = YES_ERROR;
				CLANG_WARN_DOCUMENTATION_COMMENTS = YES;
				CLANG_WARN_EMPTY_BODY = YES;
				CLANG_WARN_ENUM_CONVERSION = YES;
				CLANG_WARN_INFINITE_RECURSION = YES;
				CLANG_WARN_INT_CONVERSION = YES;
				CLANG_WARN_NON_LITERAL_NULL_CONVERSION = YES;
				CLANG_WARN_OBJC_IMPLICIT_RETAIN_SELF = YES;
				CLANG_WARN_OBJC_LITERAL_CONVERSION = YES;
				CLANG_WARN_OBJC_ROOT_CLASS = YES_ERROR;
				CLANG_WARN_RANGE_LOOP_ANALYSIS = YES;
				CLANG_WARN_STRICT_PROTOTYPES = YES;
				CLANG_WARN_SUSPICIOUS_MOVE = YES;
				CLANG_WARN_UNGUARDED_AVAILABILITY = YES_AGGRESSIVE;
				CLANG_WARN_UNREACHABLE_CODE = YES;
				CLANG_WARN__DUPLICATE_METHOD_MATCH = YES;
				CODE_SIGN_IDENTITY = "iPhone Developer";
				COPY_PHASE_STRIP = NO;
				DEBUG_INFORMATION_FORMAT = dwarf;
				ENABLE_STRICT_OBJC_MSGSEND = YES;
				ENABLE_TESTABILITY = YES;
				GCC_C_LANGUAGE_STANDARD = gnu11;
				GCC_DYNAMIC_NO_PIC = NO;
				GCC_NO_COMMON_BLOCKS = YES;
				GCC_OPTIMIZATION_LEVEL = 0;
				GCC_PREPROCESSOR_DEFINITIONS = (
					"DEBUG=1",
					"$(inherited)",
				);
				GCC_WARN_64_TO_32_BIT_CONVERSION = YES;
				GCC_WARN_ABOUT_RETURN_TYPE = YES_ERROR;
				GCC_WARN_UNDECLARED_SELECTOR = YES;
				GCC_WARN_UNINITIALIZED_AUTOS = YES_AGGRESSIVE;
				GCC_WARN_UNUSED_FUNCTION = YES;
				GCC_WARN_UNUSED_VARIABLE = YES;
				IPHONEOS_DEPLOYMENT_TARGET = 11.4;
				MTL_ENABLE_DEBUG_INFO = YES;
				ONLY_ACTIVE_ARCH = YES;
				SDKROOT = iphoneos;
				SWIFT_ACTIVE_COMPILATION_CONDITIONS = DEBUG;
				SWIFT_OPTIMIZATION_LEVEL = "-Onone";
			};
			name = Debug;
		};
		AEDBDA92211EA3BA00B9912A /* Release */ = {
			isa = XCBuildConfiguration;
			buildSettings = {
				ALWAYS_SEARCH_USER_PATHS = NO;
				CLANG_ANALYZER_NONNULL = YES;
				CLANG_ANALYZER_NUMBER_OBJECT_CONVERSION = YES_AGGRESSIVE;
				CLANG_CXX_LANGUAGE_STANDARD = "gnu++14";
				CLANG_CXX_LIBRARY = "libc++";
				CLANG_ENABLE_MODULES = YES;
				CLANG_ENABLE_OBJC_ARC = YES;
				CLANG_ENABLE_OBJC_WEAK = YES;
				CLANG_WARN_BLOCK_CAPTURE_AUTORELEASING = YES;
				CLANG_WARN_BOOL_CONVERSION = YES;
				CLANG_WARN_COMMA = YES;
				CLANG_WARN_CONSTANT_CONVERSION = YES;
				CLANG_WARN_DEPRECATED_OBJC_IMPLEMENTATIONS = YES;
				CLANG_WARN_DIRECT_OBJC_ISA_USAGE = YES_ERROR;
				CLANG_WARN_DOCUMENTATION_COMMENTS = YES;
				CLANG_WARN_EMPTY_BODY = YES;
				CLANG_WARN_ENUM_CONVERSION = YES;
				CLANG_WARN_INFINITE_RECURSION = YES;
				CLANG_WARN_INT_CONVERSION = YES;
				CLANG_WARN_NON_LITERAL_NULL_CONVERSION = YES;
				CLANG_WARN_OBJC_IMPLICIT_RETAIN_SELF = YES;
				CLANG_WARN_OBJC_LITERAL_CONVERSION = YES;
				CLANG_WARN_OBJC_ROOT_CLASS = YES_ERROR;
				CLANG_WARN_RANGE_LOOP_ANALYSIS = YES;
				CLANG_WARN_STRICT_PROTOTYPES = YES;
				CLANG_WARN_SUSPICIOUS_MOVE = YES;
				CLANG_WARN_UNGUARDED_AVAILABILITY = YES_AGGRESSIVE;
				CLANG_WARN_UNREACHABLE_CODE = YES;
				CLANG_WARN__DUPLICATE_METHOD_MATCH = YES;
				CODE_SIGN_IDENTITY = "iPhone Developer";
				COPY_PHASE_STRIP = NO;
				DEBUG_INFORMATION_FORMAT = "dwarf-with-dsym";
				ENABLE_NS_ASSERTIONS = NO;
				ENABLE_STRICT_OBJC_MSGSEND = YES;
				GCC_C_LANGUAGE_STANDARD = gnu11;
				GCC_NO_COMMON_BLOCKS = YES;
				GCC_WARN_64_TO_32_BIT_CONVERSION = YES;
				GCC_WARN_ABOUT_RETURN_TYPE = YES_ERROR;
				GCC_WARN_UNDECLARED_SELECTOR = YES;
				GCC_WARN_UNINITIALIZED_AUTOS = YES_AGGRESSIVE;
				GCC_WARN_UNUSED_FUNCTION = YES;
				GCC_WARN_UNUSED_VARIABLE = YES;
				IPHONEOS_DEPLOYMENT_TARGET = 11.4;
				MTL_ENABLE_DEBUG_INFO = NO;
				SDKROOT = iphoneos;
				SWIFT_COMPILATION_MODE = wholemodule;
				SWIFT_OPTIMIZATION_LEVEL = "-O";
				VALIDATE_PRODUCT = YES;
			};
			name = Release;
		};
		AEDBDA94211EA3BA00B9912A /* Debug */ = {
			isa = XCBuildConfiguration;
			buildSettings = {
				ASSETCATALOG_COMPILER_APPICON_NAME = AppIcon;
				CODE_SIGN_STYLE = Automatic;
				DEVELOPMENT_TEAM = KM9J73MDRA;
				INFOPLIST_FILE = ios/Info.plist;
				LD_RUNPATH_SEARCH_PATHS = (
					"$(inherited)",
					"@executable_path/Frameworks",
				);
				PRODUCT_BUNDLE_IDENTIFIER = com.ifbe.ios;
				PRODUCT_NAME = "$(TARGET_NAME)";
				SWIFT_VERSION = 4.0;
				TARGETED_DEVICE_FAMILY = "1,2";
			};
			name = Debug;
		};
		AEDBDA95211EA3BA00B9912A /* Release */ = {
			isa = XCBuildConfiguration;
			buildSettings = {
				ASSETCATALOG_COMPILER_APPICON_NAME = AppIcon;
				CODE_SIGN_STYLE = Automatic;
				DEVELOPMENT_TEAM = KM9J73MDRA;
				INFOPLIST_FILE = ios/Info.plist;
				LD_RUNPATH_SEARCH_PATHS = (
					"$(inherited)",
					"@executable_path/Frameworks",
				);
				PRODUCT_BUNDLE_IDENTIFIER = com.ifbe.ios;
				PRODUCT_NAME = "$(TARGET_NAME)";
				SWIFT_VERSION = 4.0;
				TARGETED_DEVICE_FAMILY = "1,2";
			};
			name = Release;
		};
		AEDBDA97211EA3BA00B9912A /* Debug */ = {
			isa = XCBuildConfiguration;
			buildSettings = {
				ALWAYS_EMBED_SWIFT_STANDARD_LIBRARIES = YES;
				BUNDLE_LOADER = "$(TEST_HOST)";
				CODE_SIGN_STYLE = Automatic;
				DEVELOPMENT_TEAM = KM9J73MDRA;
				INFOPLIST_FILE = iosTests/Info.plist;
				LD_RUNPATH_SEARCH_PATHS = (
					"$(inherited)",
					"@executable_path/Frameworks",
					"@loader_path/Frameworks",
				);
				PRODUCT_BUNDLE_IDENTIFIER = com.ifbe.iosTests;
				PRODUCT_NAME = "$(TARGET_NAME)";
				SWIFT_VERSION = 4.0;
				TARGETED_DEVICE_FAMILY = "1,2";
				TEST_HOST = "$(BUILT_PRODUCTS_DIR)/ios.app/ios";
			};
			name = Debug;
		};
		AEDBDA98211EA3BA00B9912A /* Release */ = {
			isa = XCBuildConfiguration;
			buildSettings = {
				ALWAYS_EMBED_SWIFT_STANDARD_LIBRARIES = YES;
				BUNDLE_LOADER = "$(TEST_HOST)";
				CODE_SIGN_STYLE = Automatic;
				DEVELOPMENT_TEAM = KM9J73MDRA;
				INFOPLIST_FILE = iosTests/Info.plist;
				LD_RUNPATH_SEARCH_PATHS = (
					"$(inherited)",
					"@executable_path/Frameworks",
					"@loader_path/Frameworks",
				);
				PRODUCT_BUNDLE_IDENTIFIER = com.ifbe.iosTests;
				PRODUCT_NAME = "$(TARGET_NAME)";
				SWIFT_VERSION = 4.0;
				TARGETED_DEVICE_FAMILY = "1,2";
				TEST_HOST = "$(BUILT_PRODUCTS_DIR)/ios.app/ios";
			};
			name = Release;
		};
		AEDBDA9A211EA3BA00B9912A /* Debug */ = {
			isa = XCBuildConfiguration;
			buildSettings = {
				ALWAYS_EMBED_SWIFT_STANDARD_LIBRARIES = YES;
				CODE_SIGN_STYLE = Automatic;
				DEVELOPMENT_TEAM = KM9J73MDRA;
				INFOPLIST_FILE = iosUITests/Info.plist;
				LD_RUNPATH_SEARCH_PATHS = (
					"$(inherited)",
					"@executable_path/Frameworks",
					"@loader_path/Frameworks",
				);
				PRODUCT_BUNDLE_IDENTIFIER = com.ifbe.iosUITests;
				PRODUCT_NAME = "$(TARGET_NAME)";
				SWIFT_VERSION = 4.0;
				TARGETED_DEVICE_FAMILY = "1,2";
				TEST_TARGET_NAME = ios;
			};
			name = Debug;
		};
		AEDBDA9B211EA3BA00B9912A /* Release */ = {
			isa = XCBuildConfiguration;
			buildSettings = {
				ALWAYS_EMBED_SWIFT_STANDARD_LIBRARIES = YES;
				CODE_SIGN_STYLE = Automatic;
				DEVELOPMENT_TEAM = KM9J73MDRA;
				INFOPLIST_FILE = iosUITests/Info.plist;
				LD_RUNPATH_SEARCH_PATHS = (
					"$(inherited)",
					"@executable_path/Frameworks",
					"@loader_path/Frameworks",
				);
				PRODUCT_BUNDLE_IDENTIFIER = com.ifbe.iosUITests;
				PRODUCT_NAME = "$(TARGET_NAME)";
				SWIFT_VERSION = 4.0;
				TARGETED_DEVICE_FAMILY = "1,2";
				TEST_TARGET_NAME = ios;
			};
			name = Release;
		};
/* End XCBuildConfiguration section */

/* Begin XCConfigurationList section */
		AEDBDA63211EA3BA00B9912A /* Build configuration list for PBXProject "ios" */ = {
			isa = XCConfigurationList;
			buildConfigurations = (
				AEDBDA91211EA3BA00B9912A /* Debug */,
				AEDBDA92211EA3BA00B9912A /* Release */,
			);
			defaultConfigurationIsVisible = 0;
			defaultConfigurationName = Release;
		};
		AEDBDA93211EA3BA00B9912A /* Build configuration list for PBXNativeTarget "ios" */ = {
			isa = XCConfigurationList;
			buildConfigurations = (
				AEDBDA94211EA3BA00B9912A /* Debug */,
				AEDBDA95211EA3BA00B9912A /* Release */,
			);
			defaultConfigurationIsVisible = 0;
			defaultConfigurationName = Release;
		};
		AEDBDA96211EA3BA00B9912A /* Build configuration list for PBXNativeTarget "iosTests" */ = {
			isa = XCConfigurationList;
			buildConfigurations = (
				AEDBDA97211EA3BA00B9912A /* Debug */,
				AEDBDA98211EA3BA00B9912A /* Release */,
			);
			defaultConfigurationIsVisible = 0;
			defaultConfigurationName = Release;
		};
		AEDBDA99211EA3BA00B9912A /* Build configuration list for PBXNativeTarget "iosUITests" */ = {
			isa = XCConfigurationList;
			buildConfigurations = (
				AEDBDA9A211EA3BA00B9912A /* Debug */,
				AEDBDA9B211EA3BA00B9912A /* Release */,
			);
			defaultConfigurationIsVisible = 0;
			defaultConfigurationName = Release;
		};
/* End XCConfigurationList section */

/* Begin XCVersionGroup section */
		AEDBDA72211EA3BA00B9912A /* ios.xcdatamodeld */ = {
			isa = XCVersionGroup;
			children = (
				AEDBDA73211EA3BA00B9912A /* ios.xcdatamodel */,
			);
			currentVersion = AEDBDA73211EA3BA00B9912A /* ios.xcdatamodel */;
			path = ios.xcdatamodeld;
			sourceTree = "<group>";
			versionGroupType = wrapper.xcdatamodel;
		};
/* End XCVersionGroup section */
	};
	rootObject = AEDBDA60211EA3BA00B9912A /* Project object */;
}
