// !$*UTF8*$!
{
	archiveVersion = 1;
	classes = {
	};
	objectVersion = 50;
	objects = {

/* Begin PBXBuildFile section */
		AE02899B24C5E50C005143F1 /* AppDelegate.swift in Sources */ = {isa = PBXBuildFile; fileRef = AE02899A24C5E50C005143F1 /* AppDelegate.swift */; };
		AE02899F24C5E50C005143F1 /* Assets.xcassets in Resources */ = {isa = PBXBuildFile; fileRef = AE02899E24C5E50C005143F1 /* Assets.xcassets */; };
		AE0289A224C5E50C005143F1 /* Preview Assets.xcassets in Resources */ = {isa = PBXBuildFile; fileRef = AE0289A124C5E50C005143F1 /* Preview Assets.xcassets */; };
		AE0289A524C5E50C005143F1 /* Main.storyboard in Resources */ = {isa = PBXBuildFile; fileRef = AE0289A324C5E50C005143F1 /* Main.storyboard */; };
		AE0289B124C5E50C005143F1 /* hahaTests.swift in Sources */ = {isa = PBXBuildFile; fileRef = AE0289B024C5E50C005143F1 /* hahaTests.swift */; };
		AE0289BC24C5E50C005143F1 /* hahaUITests.swift in Sources */ = {isa = PBXBuildFile; fileRef = AE0289BB24C5E50C005143F1 /* hahaUITests.swift */; };
/* End PBXBuildFile section */

/* Begin PBXContainerItemProxy section */
		AE0289AD24C5E50C005143F1 /* PBXContainerItemProxy */ = {
			isa = PBXContainerItemProxy;
			containerPortal = AE02898F24C5E50C005143F1 /* Project object */;
			proxyType = 1;
			remoteGlobalIDString = AE02899624C5E50C005143F1;
			remoteInfo = haha;
		};
		AE0289B824C5E50C005143F1 /* PBXContainerItemProxy */ = {
			isa = PBXContainerItemProxy;
			containerPortal = AE02898F24C5E50C005143F1 /* Project object */;
			proxyType = 1;
			remoteGlobalIDString = AE02899624C5E50C005143F1;
			remoteInfo = haha;
		};
/* End PBXContainerItemProxy section */

/* Begin PBXFileReference section */
		AE02899724C5E50C005143F1 /* haha.app */ = {isa = PBXFileReference; explicitFileType = wrapper.application; includeInIndex = 0; path = haha.app; sourceTree = BUILT_PRODUCTS_DIR; };
		AE02899A24C5E50C005143F1 /* AppDelegate.swift */ = {isa = PBXFileReference; lastKnownFileType = sourcecode.swift; path = AppDelegate.swift; sourceTree = "<group>"; };
		AE02899E24C5E50C005143F1 /* Assets.xcassets */ = {isa = PBXFileReference; lastKnownFileType = folder.assetcatalog; path = Assets.xcassets; sourceTree = "<group>"; };
		AE0289A124C5E50C005143F1 /* Preview Assets.xcassets */ = {isa = PBXFileReference; lastKnownFileType = folder.assetcatalog; path = "Preview Assets.xcassets"; sourceTree = "<group>"; };
		AE0289A424C5E50C005143F1 /* Base */ = {isa = PBXFileReference; lastKnownFileType = file.storyboard; name = Base; path = Base.lproj/Main.storyboard; sourceTree = "<group>"; };
		AE0289A624C5E50C005143F1 /* Info.plist */ = {isa = PBXFileReference; lastKnownFileType = text.plist.xml; path = Info.plist; sourceTree = "<group>"; };
		AE0289A724C5E50C005143F1 /* haha.entitlements */ = {isa = PBXFileReference; lastKnownFileType = text.plist.entitlements; path = haha.entitlements; sourceTree = "<group>"; };
		AE0289AC24C5E50C005143F1 /* hahaTests.xctest */ = {isa = PBXFileReference; explicitFileType = wrapper.cfbundle; includeInIndex = 0; path = hahaTests.xctest; sourceTree = BUILT_PRODUCTS_DIR; };
		AE0289B024C5E50C005143F1 /* hahaTests.swift */ = {isa = PBXFileReference; lastKnownFileType = sourcecode.swift; path = hahaTests.swift; sourceTree = "<group>"; };
		AE0289B224C5E50C005143F1 /* Info.plist */ = {isa = PBXFileReference; lastKnownFileType = text.plist.xml; path = Info.plist; sourceTree = "<group>"; };
		AE0289B724C5E50C005143F1 /* hahaUITests.xctest */ = {isa = PBXFileReference; explicitFileType = wrapper.cfbundle; includeInIndex = 0; path = hahaUITests.xctest; sourceTree = BUILT_PRODUCTS_DIR; };
		AE0289BB24C5E50C005143F1 /* hahaUITests.swift */ = {isa = PBXFileReference; lastKnownFileType = sourcecode.swift; path = hahaUITests.swift; sourceTree = "<group>"; };
		AE0289BD24C5E50C005143F1 /* Info.plist */ = {isa = PBXFileReference; lastKnownFileType = text.plist.xml; path = Info.plist; sourceTree = "<group>"; };
/* End PBXFileReference section */

/* Begin PBXFrameworksBuildPhase section */
		AE02899424C5E50C005143F1 /* Frameworks */ = {
			isa = PBXFrameworksBuildPhase;
			buildActionMask = 2147483647;
			files = (
			);
			runOnlyForDeploymentPostprocessing = 0;
		};
		AE0289A924C5E50C005143F1 /* Frameworks */ = {
			isa = PBXFrameworksBuildPhase;
			buildActionMask = 2147483647;
			files = (
			);
			runOnlyForDeploymentPostprocessing = 0;
		};
		AE0289B424C5E50C005143F1 /* Frameworks */ = {
			isa = PBXFrameworksBuildPhase;
			buildActionMask = 2147483647;
			files = (
			);
			runOnlyForDeploymentPostprocessing = 0;
		};
/* End PBXFrameworksBuildPhase section */

/* Begin PBXGroup section */
		AE02898E24C5E50C005143F1 = {
			isa = PBXGroup;
			children = (
				AE02899924C5E50C005143F1 /* haha */,
				AE0289AF24C5E50C005143F1 /* hahaTests */,
				AE0289BA24C5E50C005143F1 /* hahaUITests */,
				AE02899824C5E50C005143F1 /* Products */,
			);
			sourceTree = "<group>";
		};
		AE02899824C5E50C005143F1 /* Products */ = {
			isa = PBXGroup;
			children = (
				AE02899724C5E50C005143F1 /* haha.app */,
				AE0289AC24C5E50C005143F1 /* hahaTests.xctest */,
				AE0289B724C5E50C005143F1 /* hahaUITests.xctest */,
			);
			name = Products;
			sourceTree = "<group>";
		};
		AE02899924C5E50C005143F1 /* haha */ = {
			isa = PBXGroup;
			children = (
				AE02899A24C5E50C005143F1 /* AppDelegate.swift */,
				AE02899E24C5E50C005143F1 /* Assets.xcassets */,
				AE0289A324C5E50C005143F1 /* Main.storyboard */,
				AE0289A624C5E50C005143F1 /* Info.plist */,
				AE0289A724C5E50C005143F1 /* haha.entitlements */,
				AE0289A024C5E50C005143F1 /* Preview Content */,
			);
			path = haha;
			sourceTree = "<group>";
		};
		AE0289A024C5E50C005143F1 /* Preview Content */ = {
			isa = PBXGroup;
			children = (
				AE0289A124C5E50C005143F1 /* Preview Assets.xcassets */,
			);
			path = "Preview Content";
			sourceTree = "<group>";
		};
		AE0289AF24C5E50C005143F1 /* hahaTests */ = {
			isa = PBXGroup;
			children = (
				AE0289B024C5E50C005143F1 /* hahaTests.swift */,
				AE0289B224C5E50C005143F1 /* Info.plist */,
			);
			path = hahaTests;
			sourceTree = "<group>";
		};
		AE0289BA24C5E50C005143F1 /* hahaUITests */ = {
			isa = PBXGroup;
			children = (
				AE0289BB24C5E50C005143F1 /* hahaUITests.swift */,
				AE0289BD24C5E50C005143F1 /* Info.plist */,
			);
			path = hahaUITests;
			sourceTree = "<group>";
		};
/* End PBXGroup section */

/* Begin PBXNativeTarget section */
		AE02899624C5E50C005143F1 /* haha */ = {
			isa = PBXNativeTarget;
			buildConfigurationList = AE0289C024C5E50C005143F1 /* Build configuration list for PBXNativeTarget "haha" */;
			buildPhases = (
				AE02899324C5E50C005143F1 /* Sources */,
				AE02899424C5E50C005143F1 /* Frameworks */,
				AE02899524C5E50C005143F1 /* Resources */,
			);
			buildRules = (
			);
			dependencies = (
			);
			name = haha;
			productName = haha;
			productReference = AE02899724C5E50C005143F1 /* haha.app */;
			productType = "com.apple.product-type.application";
		};
		AE0289AB24C5E50C005143F1 /* hahaTests */ = {
			isa = PBXNativeTarget;
			buildConfigurationList = AE0289C324C5E50C005143F1 /* Build configuration list for PBXNativeTarget "hahaTests" */;
			buildPhases = (
				AE0289A824C5E50C005143F1 /* Sources */,
				AE0289A924C5E50C005143F1 /* Frameworks */,
				AE0289AA24C5E50C005143F1 /* Resources */,
			);
			buildRules = (
			);
			dependencies = (
				AE0289AE24C5E50C005143F1 /* PBXTargetDependency */,
			);
			name = hahaTests;
			productName = hahaTests;
			productReference = AE0289AC24C5E50C005143F1 /* hahaTests.xctest */;
			productType = "com.apple.product-type.bundle.unit-test";
		};
		AE0289B624C5E50C005143F1 /* hahaUITests */ = {
			isa = PBXNativeTarget;
			buildConfigurationList = AE0289C624C5E50C005143F1 /* Build configuration list for PBXNativeTarget "hahaUITests" */;
			buildPhases = (
				AE0289B324C5E50C005143F1 /* Sources */,
				AE0289B424C5E50C005143F1 /* Frameworks */,
				AE0289B524C5E50C005143F1 /* Resources */,
			);
			buildRules = (
			);
			dependencies = (
				AE0289B924C5E50C005143F1 /* PBXTargetDependency */,
			);
			name = hahaUITests;
			productName = hahaUITests;
			productReference = AE0289B724C5E50C005143F1 /* hahaUITests.xctest */;
			productType = "com.apple.product-type.bundle.ui-testing";
		};
/* End PBXNativeTarget section */

/* Begin PBXProject section */
		AE02898F24C5E50C005143F1 /* Project object */ = {
			isa = PBXProject;
			attributes = {
				LastSwiftUpdateCheck = 1160;
				LastUpgradeCheck = 1160;
				ORGANIZATIONNAME = test;
				TargetAttributes = {
					AE02899624C5E50C005143F1 = {
						CreatedOnToolsVersion = 11.6;
					};
					AE0289AB24C5E50C005143F1 = {
						CreatedOnToolsVersion = 11.6;
						TestTargetID = AE02899624C5E50C005143F1;
					};
					AE0289B624C5E50C005143F1 = {
						CreatedOnToolsVersion = 11.6;
						TestTargetID = AE02899624C5E50C005143F1;
					};
				};
			};
			buildConfigurationList = AE02899224C5E50C005143F1 /* Build configuration list for PBXProject "haha" */;
			compatibilityVersion = "Xcode 9.3";
			developmentRegion = en;
			hasScannedForEncodings = 0;
			knownRegions = (
				en,
				Base,
			);
			mainGroup = AE02898E24C5E50C005143F1;
			productRefGroup = AE02899824C5E50C005143F1 /* Products */;
			projectDirPath = "";
			projectRoot = "";
			targets = (
				AE02899624C5E50C005143F1 /* haha */,
				AE0289AB24C5E50C005143F1 /* hahaTests */,
				AE0289B624C5E50C005143F1 /* hahaUITests */,
			);
		};
/* End PBXProject section */

/* Begin PBXResourcesBuildPhase section */
		AE02899524C5E50C005143F1 /* Resources */ = {
			isa = PBXResourcesBuildPhase;
			buildActionMask = 2147483647;
			files = (
				AE0289A524C5E50C005143F1 /* Main.storyboard in Resources */,
				AE0289A224C5E50C005143F1 /* Preview Assets.xcassets in Resources */,
				AE02899F24C5E50C005143F1 /* Assets.xcassets in Resources */,
			);
			runOnlyForDeploymentPostprocessing = 0;
		};
		AE0289AA24C5E50C005143F1 /* Resources */ = {
			isa = PBXResourcesBuildPhase;
			buildActionMask = 2147483647;
			files = (
			);
			runOnlyForDeploymentPostprocessing = 0;
		};
		AE0289B524C5E50C005143F1 /* Resources */ = {
			isa = PBXResourcesBuildPhase;
			buildActionMask = 2147483647;
			files = (
			);
			runOnlyForDeploymentPostprocessing = 0;
		};
/* End PBXResourcesBuildPhase section */

/* Begin PBXSourcesBuildPhase section */
		AE02899324C5E50C005143F1 /* Sources */ = {
			isa = PBXSourcesBuildPhase;
			buildActionMask = 2147483647;
			files = (
				AE02899B24C5E50C005143F1 /* AppDelegate.swift in Sources */,
			);
			runOnlyForDeploymentPostprocessing = 0;
		};
		AE0289A824C5E50C005143F1 /* Sources */ = {
			isa = PBXSourcesBuildPhase;
			buildActionMask = 2147483647;
			files = (
				AE0289B124C5E50C005143F1 /* hahaTests.swift in Sources */,
			);
			runOnlyForDeploymentPostprocessing = 0;
		};
		AE0289B324C5E50C005143F1 /* Sources */ = {
			isa = PBXSourcesBuildPhase;
			buildActionMask = 2147483647;
			files = (
				AE0289BC24C5E50C005143F1 /* hahaUITests.swift in Sources */,
			);
			runOnlyForDeploymentPostprocessing = 0;
		};
/* End PBXSourcesBuildPhase section */

/* Begin PBXTargetDependency section */
		AE0289AE24C5E50C005143F1 /* PBXTargetDependency */ = {
			isa = PBXTargetDependency;
			target = AE02899624C5E50C005143F1 /* haha */;
			targetProxy = AE0289AD24C5E50C005143F1 /* PBXContainerItemProxy */;
		};
		AE0289B924C5E50C005143F1 /* PBXTargetDependency */ = {
			isa = PBXTargetDependency;
			target = AE02899624C5E50C005143F1 /* haha */;
			targetProxy = AE0289B824C5E50C005143F1 /* PBXContainerItemProxy */;
		};
/* End PBXTargetDependency section */

/* Begin PBXVariantGroup section */
		AE0289A324C5E50C005143F1 /* Main.storyboard */ = {
			isa = PBXVariantGroup;
			children = (
				AE0289A424C5E50C005143F1 /* Base */,
			);
			name = Main.storyboard;
			sourceTree = "<group>";
		};
/* End PBXVariantGroup section */

/* Begin XCBuildConfiguration section */
		AE0289BE24C5E50C005143F1 /* Debug */ = {
			isa = XCBuildConfiguration;
			buildSettings = {
				ALWAYS_SEARCH_USER_PATHS = NO;
				CLANG_ANALYZER_NONNULL = YES;
				CLANG_ANALYZER_NUMBER_OBJECT_CONVERSION = YES_AGGRESSIVE;
				CLANG_CXX_LANGUAGE_STANDARD = "gnu++14";
				CLANG_CXX_LIBRARY = "libc++";
				CLANG_ENABLE_MODULES = YES;
				CLANG_ENABLE_OBJC_ARC = YES;
				CLANG_ENABLE_OBJC_WEAK = YES;
				CLANG_WARN_BLOCK_CAPTURE_AUTORELEASING = YES;
				CLANG_WARN_BOOL_CONVERSION = YES;
				CLANG_WARN_COMMA = YES;
				CLANG_WARN_CONSTANT_CONVERSION = YES;
				CLANG_WARN_DEPRECATED_OBJC_IMPLEMENTATIONS = YES;
				CLANG_WARN_DIRECT_OBJC_ISA_USAGE = YES_ERROR;
				CLANG_WARN_DOCUMENTATION_COMMENTS = YES;
				CLANG_WARN_EMPTY_BODY = YES;
				CLANG_WARN_ENUM_CONVERSION = YES;
				CLANG_WARN_INFINITE_RECURSION = YES;
				CLANG_WARN_INT_CONVERSION = YES;
				CLANG_WARN_NON_LITERAL_NULL_CONVERSION = YES;
				CLANG_WARN_OBJC_IMPLICIT_RETAIN_SELF = YES;
				CLANG_WARN_OBJC_LITERAL_CONVERSION = YES;
				CLANG_WARN_OBJC_ROOT_CLASS = YES_ERROR;
				CLANG_WARN_RANGE_LOOP_ANALYSIS = YES;
				CLANG_WARN_STRICT_PROTOTYPES = YES;
				CLANG_WARN_SUSPICIOUS_MOVE = YES;
				CLANG_WARN_UNGUARDED_AVAILABILITY = YES_AGGRESSIVE;
				CLANG_WARN_UNREACHABLE_CODE = YES;
				CLANG_WARN__DUPLICATE_METHOD_MATCH = YES;
				COPY_PHASE_STRIP = NO;
				DEBUG_INFORMATION_FORMAT = dwarf;
				ENABLE_STRICT_OBJC_MSGSEND = YES;
				ENABLE_TESTABILITY = YES;
				GCC_C_LANGUAGE_STANDARD = gnu11;
				GCC_DYNAMIC_NO_PIC = NO;
				GCC_NO_COMMON_BLOCKS = YES;
				GCC_OPTIMIZATION_LEVEL = 0;
				GCC_PREPROCESSOR_DEFINITIONS = (
					"DEBUG=1",
					"$(inherited)",
				);
				GCC_WARN_64_TO_32_BIT_CONVERSION = YES;
				GCC_WARN_ABOUT_RETURN_TYPE = YES_ERROR;
				GCC_WARN_UNDECLARED_SELECTOR = YES;
				GCC_WARN_UNINITIALIZED_AUTOS = YES_AGGRESSIVE;
				GCC_WARN_UNUSED_FUNCTION = YES;
				GCC_WARN_UNUSED_VARIABLE = YES;
				MACOSX_DEPLOYMENT_TARGET = 10.15;
				MTL_ENABLE_DEBUG_INFO = INCLUDE_SOURCE;
				MTL_FAST_MATH = YES;
				ONLY_ACTIVE_ARCH = YES;
				SDKROOT = macosx;
				SWIFT_ACTIVE_COMPILATION_CONDITIONS = DEBUG;
				SWIFT_OPTIMIZATION_LEVEL = "-Onone";
			};
			name = Debug;
		};
		AE0289BF24C5E50C005143F1 /* Release */ = {
			isa = XCBuildConfiguration;
			buildSettings = {
				ALWAYS_SEARCH_USER_PATHS = NO;
				CLANG_ANALYZER_NONNULL = YES;
				CLANG_ANALYZER_NUMBER_OBJECT_CONVERSION = YES_AGGRESSIVE;
				CLANG_CXX_LANGUAGE_STANDARD = "gnu++14";
				CLANG_CXX_LIBRARY = "libc++";
				CLANG_ENABLE_MODULES = YES;
				CLANG_ENABLE_OBJC_ARC = YES;
				CLANG_ENABLE_OBJC_WEAK = YES;
				CLANG_WARN_BLOCK_CAPTURE_AUTORELEASING = YES;
				CLANG_WARN_BOOL_CONVERSION = YES;
				CLANG_WARN_COMMA = YES;
				CLANG_WARN_CONSTANT_CONVERSION = YES;
				CLANG_WARN_DEPRECATED_OBJC_IMPLEMENTATIONS = YES;
				CLANG_WARN_DIRECT_OBJC_ISA_USAGE = YES_ERROR;
				CLANG_WARN_DOCUMENTATION_COMMENTS = YES;
				CLANG_WARN_EMPTY_BODY = YES;
				CLANG_WARN_ENUM_CONVERSION = YES;
				CLANG_WARN_INFINITE_RECURSION = YES;
				CLANG_WARN_INT_CONVERSION = YES;
				CLANG_WARN_NON_LITERAL_NULL_CONVERSION = YES;
				CLANG_WARN_OBJC_IMPLICIT_RETAIN_SELF = YES;
				CLANG_WARN_OBJC_LITERAL_CONVERSION = YES;
				CLANG_WARN_OBJC_ROOT_CLASS = YES_ERROR;
				CLANG_WARN_RANGE_LOOP_ANALYSIS = YES;
				CLANG_WARN_STRICT_PROTOTYPES = YES;
				CLANG_WARN_SUSPICIOUS_MOVE = YES;
				CLANG_WARN_UNGUARDED_AVAILABILITY = YES_AGGRESSIVE;
				CLANG_WARN_UNREACHABLE_CODE = YES;
				CLANG_WARN__DUPLICATE_METHOD_MATCH = YES;
				COPY_PHASE_STRIP = NO;
				DEBUG_INFORMATION_FORMAT = "dwarf-with-dsym";
				ENABLE_NS_ASSERTIONS = NO;
				ENABLE_STRICT_OBJC_MSGSEND = YES;
				GCC_C_LANGUAGE_STANDARD = gnu11;
				GCC_NO_COMMON_BLOCKS = YES;
				GCC_WARN_64_TO_32_BIT_CONVERSION = YES;
				GCC_WARN_ABOUT_RETURN_TYPE = YES_ERROR;
				GCC_WARN_UNDECLARED_SELECTOR = YES;
				GCC_WARN_UNINITIALIZED_AUTOS = YES_AGGRESSIVE;
				GCC_WARN_UNUSED_FUNCTION = YES;
				GCC_WARN_UNUSED_VARIABLE = YES;
				MACOSX_DEPLOYMENT_TARGET = 10.15;
				MTL_ENABLE_DEBUG_INFO = NO;
				MTL_FAST_MATH = YES;
				SDKROOT = macosx;
				SWIFT_COMPILATION_MODE = wholemodule;
				SWIFT_OPTIMIZATION_LEVEL = "-O";
			};
			name = Release;
		};
		AE0289C124C5E50C005143F1 /* Debug */ = {
			isa = XCBuildConfiguration;
			buildSettings = {
				ASSETCATALOG_COMPILER_APPICON_NAME = AppIcon;
				CODE_SIGN_ENTITLEMENTS = haha/haha.entitlements;
				CODE_SIGN_STYLE = Automatic;
				COMBINE_HIDPI_IMAGES = YES;
				DEVELOPMENT_ASSET_PATHS = "\"haha/Preview Content\"";
				DEVELOPMENT_TEAM = KM9J73MDRA;
				ENABLE_HARDENED_RUNTIME = YES;
				ENABLE_PREVIEWS = YES;
				INFOPLIST_FILE = haha/Info.plist;
				LD_RUNPATH_SEARCH_PATHS = (
					"$(inherited)",
					"@executable_path/../Frameworks",
				);
				MACOSX_DEPLOYMENT_TARGET = 10.15;
				PRODUCT_BUNDLE_IDENTIFIER = com.ifbe.haha;
				PRODUCT_NAME = "$(TARGET_NAME)";
				SWIFT_VERSION = 5.0;
			};
			name = Debug;
		};
		AE0289C224C5E50C005143F1 /* Release */ = {
			isa = XCBuildConfiguration;
			buildSettings = {
				ASSETCATALOG_COMPILER_APPICON_NAME = AppIcon;
				CODE_SIGN_ENTITLEMENTS = haha/haha.entitlements;
				CODE_SIGN_STYLE = Automatic;
				COMBINE_HIDPI_IMAGES = YES;
				DEVELOPMENT_ASSET_PATHS = "\"haha/Preview Content\"";
				DEVELOPMENT_TEAM = KM9J73MDRA;
				ENABLE_HARDENED_RUNTIME = YES;
				ENABLE_PREVIEWS = YES;
				INFOPLIST_FILE = haha/Info.plist;
				LD_RUNPATH_SEARCH_PATHS = (
					"$(inherited)",
					"@executable_path/../Frameworks",
				);
				MACOSX_DEPLOYMENT_TARGET = 10.15;
				PRODUCT_BUNDLE_IDENTIFIER = com.ifbe.haha;
				PRODUCT_NAME = "$(TARGET_NAME)";
				SWIFT_VERSION = 5.0;
			};
			name = Release;
		};
		AE0289C424C5E50C005143F1 /* Debug */ = {
			isa = XCBuildConfiguration;
			buildSettings = {
				ALWAYS_EMBED_SWIFT_STANDARD_LIBRARIES = YES;
				BUNDLE_LOADER = "$(TEST_HOST)";
				CODE_SIGN_STYLE = Automatic;
				COMBINE_HIDPI_IMAGES = YES;
				DEVELOPMENT_TEAM = KM9J73MDRA;
				INFOPLIST_FILE = hahaTests/Info.plist;
				LD_RUNPATH_SEARCH_PATHS = (
					"$(inherited)",
					"@executable_path/../Frameworks",
					"@loader_path/../Frameworks",
				);
				MACOSX_DEPLOYMENT_TARGET = 10.15;
				PRODUCT_BUNDLE_IDENTIFIER = com.ifbe.hahaTests;
				PRODUCT_NAME = "$(TARGET_NAME)";
				SWIFT_VERSION = 5.0;
				TEST_HOST = "$(BUILT_PRODUCTS_DIR)/haha.app/Contents/MacOS/haha";
			};
			name = Debug;
		};
		AE0289C524C5E50C005143F1 /* Release */ = {
			isa = XCBuildConfiguration;
			buildSettings = {
				ALWAYS_EMBED_SWIFT_STANDARD_LIBRARIES = YES;
				BUNDLE_LOADER = "$(TEST_HOST)";
				CODE_SIGN_STYLE = Automatic;
				COMBINE_HIDPI_IMAGES = YES;
				DEVELOPMENT_TEAM = KM9J73MDRA;
				INFOPLIST_FILE = hahaTests/Info.plist;
				LD_RUNPATH_SEARCH_PATHS = (
					"$(inherited)",
					"@executable_path/../Frameworks",
					"@loader_path/../Frameworks",
				);
				MACOSX_DEPLOYMENT_TARGET = 10.15;
				PRODUCT_BUNDLE_IDENTIFIER = com.ifbe.hahaTests;
				PRODUCT_NAME = "$(TARGET_NAME)";
				SWIFT_VERSION = 5.0;
				TEST_HOST = "$(BUILT_PRODUCTS_DIR)/haha.app/Contents/MacOS/haha";
			};
			name = Release;
		};
		AE0289C724C5E50C005143F1 /* Debug */ = {
			isa = XCBuildConfiguration;
			buildSettings = {
				ALWAYS_EMBED_SWIFT_STANDARD_LIBRARIES = YES;
				CODE_SIGN_STYLE = Automatic;
				COMBINE_HIDPI_IMAGES = YES;
				DEVELOPMENT_TEAM = KM9J73MDRA;
				INFOPLIST_FILE = hahaUITests/Info.plist;
				LD_RUNPATH_SEARCH_PATHS = (
					"$(inherited)",
					"@executable_path/../Frameworks",
					"@loader_path/../Frameworks",
				);
				PRODUCT_BUNDLE_IDENTIFIER = com.ifbe.hahaUITests;
				PRODUCT_NAME = "$(TARGET_NAME)";
				SWIFT_VERSION = 5.0;
				TEST_TARGET_NAME = haha;
			};
			name = Debug;
		};
		AE0289C824C5E50C005143F1 /* Release */ = {
			isa = XCBuildConfiguration;
			buildSettings = {
				ALWAYS_EMBED_SWIFT_STANDARD_LIBRARIES = YES;
				CODE_SIGN_STYLE = Automatic;
				COMBINE_HIDPI_IMAGES = YES;
				DEVELOPMENT_TEAM = KM9J73MDRA;
				INFOPLIST_FILE = hahaUITests/Info.plist;
				LD_RUNPATH_SEARCH_PATHS = (
					"$(inherited)",
					"@executable_path/../Frameworks",
					"@loader_path/../Frameworks",
				);
				PRODUCT_BUNDLE_IDENTIFIER = com.ifbe.hahaUITests;
				PRODUCT_NAME = "$(TARGET_NAME)";
				SWIFT_VERSION = 5.0;
				TEST_TARGET_NAME = haha;
			};
			name = Release;
		};
/* End XCBuildConfiguration section */

/* Begin XCConfigurationList section */
		AE02899224C5E50C005143F1 /* Build configuration list for PBXProject "haha" */ = {
			isa = XCConfigurationList;
			buildConfigurations = (
				AE0289BE24C5E50C005143F1 /* Debug */,
				AE0289BF24C5E50C005143F1 /* Release */,
			);
			defaultConfigurationIsVisible = 0;
			defaultConfigurationName = Release;
		};
		AE0289C024C5E50C005143F1 /* Build configuration list for PBXNativeTarget "haha" */ = {
			isa = XCConfigurationList;
			buildConfigurations = (
				AE0289C124C5E50C005143F1 /* Debug */,
				AE0289C224C5E50C005143F1 /* Release */,
			);
			defaultConfigurationIsVisible = 0;
			defaultConfigurationName = Release;
		};
		AE0289C324C5E50C005143F1 /* Build configuration list for PBXNativeTarget "hahaTests" */ = {
			isa = XCConfigurationList;
			buildConfigurations = (
				AE0289C424C5E50C005143F1 /* Debug */,
				AE0289C524C5E50C005143F1 /* Release */,
			);
			defaultConfigurationIsVisible = 0;
			defaultConfigurationName = Release;
		};
		AE0289C624C5E50C005143F1 /* Build configuration list for PBXNativeTarget "hahaUITests" */ = {
			isa = XCConfigurationList;
			buildConfigurations = (
				AE0289C724C5E50C005143F1 /* Debug */,
				AE0289C824C5E50C005143F1 /* Release */,
			);
			defaultConfigurationIsVisible = 0;
			defaultConfigurationName = Release;
		};
/* End XCConfigurationList section */
	};
	rootObject = AE02898F24C5E50C005143F1 /* Project object */;
}
