// !$*UTF8*$!
{
	archiveVersion = 1;
	classes = {
	};
	objectVersion = 50;
	objects = {

/* Begin PBXBuildFile section */
		AE666B6E247E951A007853B4 /* metal.metal in Sources */ = {isa = PBXBuildFile; fileRef = AE666B6D247E951A007853B4 /* metal.metal */; };
/* End PBXBuildFile section */

/* Begin PBXFileReference section */
		AE666B6D247E951A007853B4 /* metal.metal */ = {isa = PBXFileReference; lastKnownFileType = sourcecode.metal; path = metal.metal; sourceTree = "<group>"; };
/* End PBXFileReference section */

/* Begin PBXGroup section */
		AE666B65247E951A007853B4 = {
			isa = PBXGroup;
			children = (
				AE666B6C247E951A007853B4 /* metal */,
			);
			sourceTree = "<group>";
		};
		AE666B6C247E951A007853B4 /* metal */ = {
			isa = PBXGroup;
			children = (
				AE666B6D247E951A007853B4 /* metal.metal */,
			);
			path = metal;
			sourceTree = "<group>";
		};
/* End PBXGroup section */

/* Begin PBXNativeTarget section */
		AE666B6B247E951A007853B4 /* metal */ = {
			isa = PBXNativeTarget;
			buildConfigurationList = AE666B71247E951A007853B4 /* Build configuration list for PBXNativeTarget "metal" */;
			buildPhases = (
				AE666B6A247E951A007853B4 /* Sources */,
			);
			buildRules = (
			);
			dependencies = (
			);
			name = metal;
			productName = metal;
			productType = "com.apple.product-type.metal-library";
		};
/* End PBXNativeTarget section */

/* Begin PBXProject section */
		AE666B66247E951A007853B4 /* Project object */ = {
			isa = PBXProject;
			attributes = {
				LastUpgradeCheck = 1150;
				ORGANIZATIONNAME = "史蒙健";
				TargetAttributes = {
					AE666B6B247E951A007853B4 = {
						CreatedOnToolsVersion = 11.5;
					};
				};
			};
			buildConfigurationList = AE666B69247E951A007853B4 /* Build configuration list for PBXProject "metal" */;
			compatibilityVersion = "Xcode 9.3";
			developmentRegion = en;
			hasScannedForEncodings = 0;
			knownRegions = (
				en,
				Base,
			);
			mainGroup = AE666B65247E951A007853B4;
			projectDirPath = "";
			projectRoot = "";
			targets = (
				AE666B6B247E951A007853B4 /* metal */,
			);
		};
/* End PBXProject section */

/* Begin PBXSourcesBuildPhase section */
		AE666B6A247E951A007853B4 /* Sources */ = {
			isa = PBXSourcesBuildPhase;
			buildActionMask = 2147483647;
			files = (
				AE666B6E247E951A007853B4 /* metal.metal in Sources */,
			);
			runOnlyForDeploymentPostprocessing = 0;
		};
/* End PBXSourcesBuildPhase section */

/* Begin XCBuildConfiguration section */
		AE666B6F247E951A007853B4 /* Debug */ = {
			isa = XCBuildConfiguration;
			buildSettings = {
				ALWAYS_SEARCH_USER_PATHS = NO;
				IPHONEOS_DEPLOYMENT_TARGET = 13.5;
				MTL_ENABLE_DEBUG_INFO = INCLUDE_SOURCE;
				MTL_FAST_MATH = YES;
				SDKROOT = iphoneos;
			};
			name = Debug;
		};
		AE666B70247E951A007853B4 /* Release */ = {
			isa = XCBuildConfiguration;
			buildSettings = {
				ALWAYS_SEARCH_USER_PATHS = NO;
				IPHONEOS_DEPLOYMENT_TARGET = 13.5;
				MTL_ENABLE_DEBUG_INFO = NO;
				MTL_FAST_MATH = YES;
				SDKROOT = iphoneos;
			};
			name = Release;
		};
		AE666B72247E951A007853B4 /* Debug */ = {
			isa = XCBuildConfiguration;
			buildSettings = {
				CODE_SIGN_STYLE = Automatic;
				DEVELOPMENT_TEAM = KM9J73MDRA;
				PRODUCT_NAME = "$(TARGET_NAME)";
			};
			name = Debug;
		};
		AE666B73247E951A007853B4 /* Release */ = {
			isa = XCBuildConfiguration;
			buildSettings = {
				CODE_SIGN_STYLE = Automatic;
				DEVELOPMENT_TEAM = KM9J73MDRA;
				PRODUCT_NAME = "$(TARGET_NAME)";
			};
			name = Release;
		};
/* End XCBuildConfiguration section */

/* Begin XCConfigurationList section */
		AE666B69247E951A007853B4 /* Build configuration list for PBXProject "metal" */ = {
			isa = XCConfigurationList;
			buildConfigurations = (
				AE666B6F247E951A007853B4 /* Debug */,
				AE666B70247E951A007853B4 /* Release */,
			);
			defaultConfigurationIsVisible = 0;
			defaultConfigurationName = Release;
		};
		AE666B71247E951A007853B4 /* Build configuration list for PBXNativeTarget "metal" */ = {
			isa = XCConfigurationList;
			buildConfigurations = (
				AE666B72247E951A007853B4 /* Debug */,
				AE666B73247E951A007853B4 /* Release */,
			);
			defaultConfigurationIsVisible = 0;
			defaultConfigurationName = Release;
		};
/* End XCConfigurationList section */
	};
	rootObject = AE666B66247E951A007853B4 /* Project object */;
}
