// !$*UTF8*$!
{
	archiveVersion = 1;
	classes = {
	};
	objectVersion = 50;
	objects = {

/* Begin PBXBuildFile section */
		AEAA557B21196D8F008E4268 /* metal.metal in Sources */ = {isa = PBXBuildFile; fileRef = AEAA557A21196D8F008E4268 /* metal.metal */; };
/* End PBXBuildFile section */

/* Begin PBXFileReference section */
		AEAA557721196D8F008E4268 /* metal.metallib */ = {isa = PBXFileReference; explicitFileType = "archive.metal-library"; includeInIndex = 0; path = metal.metallib; sourceTree = BUILT_PRODUCTS_DIR; };
		AEAA557A21196D8F008E4268 /* metal.metal */ = {isa = PBXFileReference; lastKnownFileType = sourcecode.metal; path = metal.metal; sourceTree = "<group>"; };
/* End PBXFileReference section */

/* Begin PBXGroup section */
		AEAA557021196D8F008E4268 = {
			isa = PBXGroup;
			children = (
				AEAA557921196D8F008E4268 /* metal */,
				AEAA557821196D8F008E4268 /* Products */,
			);
			sourceTree = "<group>";
		};
		AEAA557821196D8F008E4268 /* Products */ = {
			isa = PBXGroup;
			children = (
				AEAA557721196D8F008E4268 /* metal.metallib */,
			);
			name = Products;
			sourceTree = "<group>";
		};
		AEAA557921196D8F008E4268 /* metal */ = {
			isa = PBXGroup;
			children = (
				AEAA557A21196D8F008E4268 /* metal.metal */,
			);
			path = metal;
			sourceTree = "<group>";
		};
/* End PBXGroup section */

/* Begin PBXNativeTarget section */
		AEAA557621196D8F008E4268 /* metal */ = {
			isa = PBXNativeTarget;
			buildConfigurationList = AEAA557E21196D8F008E4268 /* Build configuration list for PBXNativeTarget "metal" */;
			buildPhases = (
				AEAA557521196D8F008E4268 /* Sources */,
			);
			buildRules = (
			);
			dependencies = (
			);
			name = metal;
			productName = metal;
			productReference = AEAA557721196D8F008E4268 /* metal.metallib */;
			productType = "com.apple.product-type.metal-library";
		};
/* End PBXNativeTarget section */

/* Begin PBXProject section */
		AEAA557121196D8F008E4268 /* Project object */ = {
			isa = PBXProject;
			attributes = {
				LastUpgradeCheck = 0940;
				ORGANIZATIONNAME = "史蒙健";
				TargetAttributes = {
					AEAA557621196D8F008E4268 = {
						CreatedOnToolsVersion = 9.4.1;
					};
				};
			};
			buildConfigurationList = AEAA557421196D8F008E4268 /* Build configuration list for PBXProject "metal" */;
			compatibilityVersion = "Xcode 9.3";
			developmentRegion = en;
			hasScannedForEncodings = 0;
			knownRegions = (
				en,
			);
			mainGroup = AEAA557021196D8F008E4268;
			productRefGroup = AEAA557821196D8F008E4268 /* Products */;
			projectDirPath = "";
			projectRoot = "";
			targets = (
				AEAA557621196D8F008E4268 /* metal */,
			);
		};
/* End PBXProject section */

/* Begin PBXSourcesBuildPhase section */
		AEAA557521196D8F008E4268 /* Sources */ = {
			isa = PBXSourcesBuildPhase;
			buildActionMask = 2147483647;
			files = (
				AEAA557B21196D8F008E4268 /* metal.metal in Sources */,
			);
			runOnlyForDeploymentPostprocessing = 0;
		};
/* End PBXSourcesBuildPhase section */

/* Begin XCBuildConfiguration section */
		AEAA557C21196D8F008E4268 /* Debug */ = {
			isa = XCBuildConfiguration;
			buildSettings = {
				CODE_SIGN_IDENTITY = "-";
				MACOSX_DEPLOYMENT_TARGET = 10.13;
				MTL_ENABLE_DEBUG_INFO = YES;
				SDKROOT = macosx;
			};
			name = Debug;
		};
		AEAA557D21196D8F008E4268 /* Release */ = {
			isa = XCBuildConfiguration;
			buildSettings = {
				CODE_SIGN_IDENTITY = "-";
				MACOSX_DEPLOYMENT_TARGET = 10.13;
				MTL_ENABLE_DEBUG_INFO = NO;
				SDKROOT = macosx;
			};
			name = Release;
		};
		AEAA557F21196D8F008E4268 /* Debug */ = {
			isa = XCBuildConfiguration;
			buildSettings = {
				CODE_SIGN_STYLE = Automatic;
				DEVELOPMENT_TEAM = KM9J73MDRA;
				PRODUCT_NAME = "$(TARGET_NAME)";
			};
			name = Debug;
		};
		AEAA558021196D8F008E4268 /* Release */ = {
			isa = XCBuildConfiguration;
			buildSettings = {
				CODE_SIGN_STYLE = Automatic;
				DEVELOPMENT_TEAM = KM9J73MDRA;
				PRODUCT_NAME = "$(TARGET_NAME)";
			};
			name = Release;
		};
/* End XCBuildConfiguration section */

/* Begin XCConfigurationList section */
		AEAA557421196D8F008E4268 /* Build configuration list for PBXProject "metal" */ = {
			isa = XCConfigurationList;
			buildConfigurations = (
				AEAA557C21196D8F008E4268 /* Debug */,
				AEAA557D21196D8F008E4268 /* Release */,
			);
			defaultConfigurationIsVisible = 0;
			defaultConfigurationName = Release;
		};
		AEAA557E21196D8F008E4268 /* Build configuration list for PBXNativeTarget "metal" */ = {
			isa = XCConfigurationList;
			buildConfigurations = (
				AEAA557F21196D8F008E4268 /* Debug */,
				AEAA558021196D8F008E4268 /* Release */,
			);
			defaultConfigurationIsVisible = 0;
			defaultConfigurationName = Release;
		};
/* End XCConfigurationList section */
	};
	rootObject = AEAA557121196D8F008E4268 /* Project object */;
}
